
Microsoft Visual Studio Solution File, Format Version 12.00
# Visual Studio Version 16
VisualStudioVersion = 16.0.29503.13
MinimumVisualStudioVersion = 10.0.40219.1
Project("{8BC9CEB8-8B4A-11D0-8D11-00A0C91BC942}") = "Project1", "Project1\Project1.vcxproj", "{48E742A5-12CF-41D7-8E62-0D918FB6DC0C}"
EndProject
Global
	GlobalSection(SolutionConfigurationPlatforms) = preSolution
		Debug|x64 = Debug|x64
		Debug|x86 = Debug|x86
		Release|x64 = Release|x64
		Release|x86 = Release|x86
	EndGlobalSection
	GlobalSection(ProjectConfigurationPlatforms) = postSolution
		{48E742A5-12CF-41D7-8E62-0D918FB6DC0C}.Debug|x64.ActiveCfg = Debug|x64
		{48E742A5-12CF-41D7-8E62-0D918FB6DC0C}.Debug|x64.Build.0 = Debug|x64
		{48E742A5-12CF-41D7-8E62-0D918FB6DC0C}.Debug|x86.ActiveCfg = Debug|Win32
		{48E742A5-12CF-41D7-8E62-0D918FB6DC0C}.Debug|x86.Build.0 = Debug|Win32
		{48E742A5-12CF-41D7-8E62-0D918FB6DC0C}.Release|x64.ActiveCfg = Release|x64
		{48E742A5-12CF-41D7-8E62-0D918FB6DC0C}.Release|x64.Build.0 = Release|x64
		{48E742A5-12CF-41D7-8E62-0D918FB6DC0C}.Release|x86.ActiveCfg = Release|Win32
		{48E742A5-12CF-41D7-8E62-0D918FB6DC0C}.Release|x86.Build.0 = Release|Win32
	EndGlobalSection
	GlobalSection(SolutionProperties) = preSolution
		HideSolutionNode = FALSE
	EndGlobalSection
	GlobalSection(ExtensibilityGlobals) = postSolution
		SolutionGuid = {DF8A23CF-BA59-4E68-A20F-B090B348E7D8}
	EndGlobalSection
EndGlobal
