
Microsoft Visual Studio Solution File, Format Version 12.00
# Visual Studio Version 16
VisualStudioVersion = 16.0.29709.97
MinimumVisualStudioVersion = 10.0.40219.1
Project("{8BC9CEB8-8B4A-11D0-8D11-00A0C91BC942}") = "ceasarCipher", "ceasarCipher\ceasarCipher.vcxproj", "{546C474E-F9A6-48E8-A890-F2CB318E7944}"
EndProject
Global
	GlobalSection(SolutionConfigurationPlatforms) = preSolution
		Debug|x64 = Debug|x64
		Debug|x86 = Debug|x86
		Release|x64 = Release|x64
		Release|x86 = Release|x86
	EndGlobalSection
	GlobalSection(ProjectConfigurationPlatforms) = postSolution
		{546C474E-F9A6-48E8-A890-F2CB318E7944}.Debug|x64.ActiveCfg = Debug|x64
		{546C474E-F9A6-48E8-A890-F2CB318E7944}.Debug|x64.Build.0 = Debug|x64
		{546C474E-F9A6-48E8-A890-F2CB318E7944}.Debug|x86.ActiveCfg = Debug|Win32
		{546C474E-F9A6-48E8-A890-F2CB318E7944}.Debug|x86.Build.0 = Debug|Win32
		{546C474E-F9A6-48E8-A890-F2CB318E7944}.Release|x64.ActiveCfg = Release|x64
		{546C474E-F9A6-48E8-A890-F2CB318E7944}.Release|x64.Build.0 = Release|x64
		{546C474E-F9A6-48E8-A890-F2CB318E7944}.Release|x86.ActiveCfg = Release|Win32
		{546C474E-F9A6-48E8-A890-F2CB318E7944}.Release|x86.Build.0 = Release|Win32
	EndGlobalSection
	GlobalSection(SolutionProperties) = preSolution
		HideSolutionNode = FALSE
	EndGlobalSection
	GlobalSection(ExtensibilityGlobals) = postSolution
		SolutionGuid = {F34E82D9-E622-40FB-93CA-80B01ED20238}
	EndGlobalSection
EndGlobal
